
Microsoft Visual Studio Solution File, Format Version 12.00
# Visual Studio 15
VisualStudioVersion = 15.0.27428.2043
MinimumVisualStudioVersion = 10.0.40219.1
Project("{8BC9CEB8-8B4A-11D0-8D11-00A0C91BC942}") = "Labs_1", "Labs.vcxproj", "{15C7FCFD-8630-4454-9F25-25294A41A309}"
EndProject
Project("{8BC9CEB8-8B4A-11D0-8D11-00A0C91BC942}") = "lab1_generator", "..\lab1_generator\lab1_generator.vcxproj", "{CF21FFCF-2198-445D-8E99-4ACFA3274E68}"
EndProject
Global
	GlobalSection(SolutionConfigurationPlatforms) = preSolution
		Debug|x64 = Debug|x64
		Debug|x86 = Debug|x86
		Release|x64 = Release|x64
		Release|x86 = Release|x86
	EndGlobalSection
	GlobalSection(ProjectConfigurationPlatforms) = postSolution
		{15C7FCFD-8630-4454-9F25-25294A41A309}.Debug|x64.ActiveCfg = Debug|x64
		{15C7FCFD-8630-4454-9F25-25294A41A309}.Debug|x64.Build.0 = Debug|x64
		{15C7FCFD-8630-4454-9F25-25294A41A309}.Debug|x86.ActiveCfg = Debug|x64
		{15C7FCFD-8630-4454-9F25-25294A41A309}.Release|x64.ActiveCfg = Release|x64
		{15C7FCFD-8630-4454-9F25-25294A41A309}.Release|x64.Build.0 = Release|x64
		{15C7FCFD-8630-4454-9F25-25294A41A309}.Release|x86.ActiveCfg = Release|x64
		{CF21FFCF-2198-445D-8E99-4ACFA3274E68}.Debug|x64.ActiveCfg = Debug|x64
		{CF21FFCF-2198-445D-8E99-4ACFA3274E68}.Debug|x64.Build.0 = Debug|x64
		{CF21FFCF-2198-445D-8E99-4ACFA3274E68}.Debug|x86.ActiveCfg = Debug|Win32
		{CF21FFCF-2198-445D-8E99-4ACFA3274E68}.Debug|x86.Build.0 = Debug|Win32
		{CF21FFCF-2198-445D-8E99-4ACFA3274E68}.Release|x64.ActiveCfg = Release|x64
		{CF21FFCF-2198-445D-8E99-4ACFA3274E68}.Release|x64.Build.0 = Release|x64
		{CF21FFCF-2198-445D-8E99-4ACFA3274E68}.Release|x86.ActiveCfg = Release|Win32
		{CF21FFCF-2198-445D-8E99-4ACFA3274E68}.Release|x86.Build.0 = Release|Win32
	EndGlobalSection
	GlobalSection(SolutionProperties) = preSolution
		HideSolutionNode = FALSE
	EndGlobalSection
	GlobalSection(ExtensibilityGlobals) = postSolution
		SolutionGuid = {F83E283E-FE87-4CDD-B44F-C3ABE74303C0}
	EndGlobalSection
EndGlobal
