
Microsoft Visual Studio Solution File, Format Version 12.00
# Visual Studio 15
VisualStudioVersion = 15.0.27130.2010
MinimumVisualStudioVersion = 10.0.40219.1
Project("{FAE04EC0-301F-11D3-BF4B-00C04F79EFBC}") = "Makiyan_Cursovaya_sem3", "Makiyan_Cursovaya_sem3\Makiyan_Cursovaya_sem3.csproj", "{9E0ACAA6-B1B1-4A12-A6ED-569ED83E80BD}"
	ProjectSection(ProjectDependencies) = postProject
		{0E2FCE34-D2C6-4494-82FF-4DDF83E7C31E} = {0E2FCE34-D2C6-4494-82FF-4DDF83E7C31E}
	EndProjectSection
EndProject
Project("{FAE04EC0-301F-11D3-BF4B-00C04F79EFBC}") = "Makiyan_Cursovaya_sem3.Data", "Makiyan_Cursovaya_sem3.Data\Makiyan_Cursovaya_sem3.Data.csproj", "{0E2FCE34-D2C6-4494-82FF-4DDF83E7C31E}"
EndProject
Global
	GlobalSection(SolutionConfigurationPlatforms) = preSolution
		Debug|Any CPU = Debug|Any CPU
		Debug|x86 = Debug|x86
		Release|Any CPU = Release|Any CPU
		Release|x86 = Release|x86
	EndGlobalSection
	GlobalSection(ProjectConfigurationPlatforms) = postSolution
		{9E0ACAA6-B1B1-4A12-A6ED-569ED83E80BD}.Debug|Any CPU.ActiveCfg = Debug|Any CPU
		{9E0ACAA6-B1B1-4A12-A6ED-569ED83E80BD}.Debug|Any CPU.Build.0 = Debug|Any CPU
		{9E0ACAA6-B1B1-4A12-A6ED-569ED83E80BD}.Debug|x86.ActiveCfg = Debug|Any CPU
		{9E0ACAA6-B1B1-4A12-A6ED-569ED83E80BD}.Debug|x86.Build.0 = Debug|Any CPU
		{9E0ACAA6-B1B1-4A12-A6ED-569ED83E80BD}.Release|Any CPU.ActiveCfg = Release|Any CPU
		{9E0ACAA6-B1B1-4A12-A6ED-569ED83E80BD}.Release|Any CPU.Build.0 = Release|Any CPU
		{9E0ACAA6-B1B1-4A12-A6ED-569ED83E80BD}.Release|x86.ActiveCfg = Release|x86
		{9E0ACAA6-B1B1-4A12-A6ED-569ED83E80BD}.Release|x86.Build.0 = Release|x86
		{0E2FCE34-D2C6-4494-82FF-4DDF83E7C31E}.Debug|Any CPU.ActiveCfg = Debug|Any CPU
		{0E2FCE34-D2C6-4494-82FF-4DDF83E7C31E}.Debug|Any CPU.Build.0 = Debug|Any CPU
		{0E2FCE34-D2C6-4494-82FF-4DDF83E7C31E}.Debug|x86.ActiveCfg = Debug|Any CPU
		{0E2FCE34-D2C6-4494-82FF-4DDF83E7C31E}.Debug|x86.Build.0 = Debug|Any CPU
		{0E2FCE34-D2C6-4494-82FF-4DDF83E7C31E}.Release|Any CPU.ActiveCfg = Release|Any CPU
		{0E2FCE34-D2C6-4494-82FF-4DDF83E7C31E}.Release|Any CPU.Build.0 = Release|Any CPU
		{0E2FCE34-D2C6-4494-82FF-4DDF83E7C31E}.Release|x86.ActiveCfg = Release|Any CPU
		{0E2FCE34-D2C6-4494-82FF-4DDF83E7C31E}.Release|x86.Build.0 = Release|Any CPU
	EndGlobalSection
	GlobalSection(SolutionProperties) = preSolution
		HideSolutionNode = FALSE
	EndGlobalSection
	GlobalSection(ExtensibilityGlobals) = postSolution
		SolutionGuid = {C5B00140-4713-498B-A6C1-1529D47479FE}
	EndGlobalSection
EndGlobal
